
Microsoft Visual Studio Solution File, Format Version 12.00
# Visual Studio Version 17
VisualStudioVersion = 17.9.34728.123
MinimumVisualStudioVersion = 10.0.40219.1
Project("{FAE04EC0-301F-11D3-BF4B-00C04F79EFBC}") = "SuperAdventure", "SuperAdventure.csproj", "{80A8E0B5-1773-4E8A-B342-B00E508E6B4D}"
EndProject
Project("{FAE04EC0-301F-11D3-BF4B-00C04F79EFBC}") = "Engine", "..\Engine\Engine.csproj", "{2DECAEA5-64BE-4E88-B3AA-D3D8A9BCC8EC}"
EndProject
Project("{FAE04EC0-301F-11D3-BF4B-00C04F79EFBC}") = "SuperAdventureConsole", "..\SuperAdventureConsole\SuperAdventureConsole.csproj", "{1B9971C2-CAB3-4BD0-8919-39BB90D59116}"
EndProject
Global
	GlobalSection(SolutionConfigurationPlatforms) = preSolution
		Debug|Any CPU = Debug|Any CPU
		Release|Any CPU = Release|Any CPU
	EndGlobalSection
	GlobalSection(ProjectConfigurationPlatforms) = postSolution
		{80A8E0B5-1773-4E8A-B342-B00E508E6B4D}.Debug|Any CPU.ActiveCfg = Debug|Any CPU
		{80A8E0B5-1773-4E8A-B342-B00E508E6B4D}.Debug|Any CPU.Build.0 = Debug|Any CPU
		{80A8E0B5-1773-4E8A-B342-B00E508E6B4D}.Release|Any CPU.ActiveCfg = Release|Any CPU
		{80A8E0B5-1773-4E8A-B342-B00E508E6B4D}.Release|Any CPU.Build.0 = Release|Any CPU
		{2DECAEA5-64BE-4E88-B3AA-D3D8A9BCC8EC}.Debug|Any CPU.ActiveCfg = Debug|Any CPU
		{2DECAEA5-64BE-4E88-B3AA-D3D8A9BCC8EC}.Debug|Any CPU.Build.0 = Debug|Any CPU
		{2DECAEA5-64BE-4E88-B3AA-D3D8A9BCC8EC}.Release|Any CPU.ActiveCfg = Release|Any CPU
		{2DECAEA5-64BE-4E88-B3AA-D3D8A9BCC8EC}.Release|Any CPU.Build.0 = Release|Any CPU
		{1B9971C2-CAB3-4BD0-8919-39BB90D59116}.Debug|Any CPU.ActiveCfg = Debug|Any CPU
		{1B9971C2-CAB3-4BD0-8919-39BB90D59116}.Debug|Any CPU.Build.0 = Debug|Any CPU
		{1B9971C2-CAB3-4BD0-8919-39BB90D59116}.Release|Any CPU.ActiveCfg = Release|Any CPU
		{1B9971C2-CAB3-4BD0-8919-39BB90D59116}.Release|Any CPU.Build.0 = Release|Any CPU
	EndGlobalSection
	GlobalSection(SolutionProperties) = preSolution
		HideSolutionNode = FALSE
	EndGlobalSection
	GlobalSection(ExtensibilityGlobals) = postSolution
		SolutionGuid = {3CC1E8D0-E127-48BF-B117-37F8D14C7C10}
	EndGlobalSection
EndGlobal
